
Microsoft Visual Studio Solution File, Format Version 12.00
# Visual Studio Version 17
VisualStudioVersion = 17.1.32328.378
MinimumVisualStudioVersion = 10.0.40219.1
Project("{8BC9CEB8-8B4A-11D0-8D11-00A0C91BC942}") = "Ex 1_2_4", "Ex 1_2_4\Ex 1_2_4.vcxproj", "{54AEFDB3-58A6-43D3-9880-184312A1BCFE}"
EndProject
Global
	GlobalSection(SolutionConfigurationPlatforms) = preSolution
		Debug|x64 = Debug|x64
		Debug|x86 = Debug|x86
		Release|x64 = Release|x64
		Release|x86 = Release|x86
	EndGlobalSection
	GlobalSection(ProjectConfigurationPlatforms) = postSolution
		{54AEFDB3-58A6-43D3-9880-184312A1BCFE}.Debug|x64.ActiveCfg = Debug|x64
		{54AEFDB3-58A6-43D3-9880-184312A1BCFE}.Debug|x64.Build.0 = Debug|x64
		{54AEFDB3-58A6-43D3-9880-184312A1BCFE}.Debug|x86.ActiveCfg = Debug|Win32
		{54AEFDB3-58A6-43D3-9880-184312A1BCFE}.Debug|x86.Build.0 = Debug|Win32
		{54AEFDB3-58A6-43D3-9880-184312A1BCFE}.Release|x64.ActiveCfg = Release|x64
		{54AEFDB3-58A6-43D3-9880-184312A1BCFE}.Release|x64.Build.0 = Release|x64
		{54AEFDB3-58A6-43D3-9880-184312A1BCFE}.Release|x86.ActiveCfg = Release|Win32
		{54AEFDB3-58A6-43D3-9880-184312A1BCFE}.Release|x86.Build.0 = Release|Win32
	EndGlobalSection
	GlobalSection(SolutionProperties) = preSolution
		HideSolutionNode = FALSE
	EndGlobalSection
	GlobalSection(ExtensibilityGlobals) = postSolution
		SolutionGuid = {0000620D-6395-4DA4-8E97-3A3DDD0A5996}
	EndGlobalSection
EndGlobal
